
Microsoft Visual Studio Solution File, Format Version 12.00
# Visual Studio 15
VisualStudioVersion = 15.0.26430.6
MinimumVisualStudioVersion = 10.0.40219.1
Project("{2150E333-8FDC-42A3-9474-1A3956D46DE8}") = "src", "src", "{5B4B0A69-65EF-4D4C-9CD4-5AC56228095B}"
EndProject
Project("{2150E333-8FDC-42A3-9474-1A3956D46DE8}") = "Solution Items", "Solution Items", "{F16D32DF-5C67-4E45-9BCD-0FC89948BCFF}"
	ProjectSection(SolutionItems) = preProject
		global.json = global.json
		NuGet.Config = NuGet.Config
	EndProjectSection
EndProject
Project("{FAE04EC0-301F-11D3-BF4B-00C04F79EFBC}") = "VitalitySquaresProbability", "src\VitalitySquaresProbability\VitalitySquaresProbability.csproj", "{0F3D9CE0-A927-4750-9CA1-4DE3AA5103DC}"
EndProject
Global
	GlobalSection(SolutionConfigurationPlatforms) = preSolution
		Debug|Any CPU = Debug|Any CPU
		Release|Any CPU = Release|Any CPU
	EndGlobalSection
	GlobalSection(ProjectConfigurationPlatforms) = postSolution
		{0F3D9CE0-A927-4750-9CA1-4DE3AA5103DC}.Debug|Any CPU.ActiveCfg = Debug|Any CPU
		{0F3D9CE0-A927-4750-9CA1-4DE3AA5103DC}.Debug|Any CPU.Build.0 = Debug|Any CPU
		{0F3D9CE0-A927-4750-9CA1-4DE3AA5103DC}.Release|Any CPU.ActiveCfg = Release|Any CPU
		{0F3D9CE0-A927-4750-9CA1-4DE3AA5103DC}.Release|Any CPU.Build.0 = Release|Any CPU
	EndGlobalSection
	GlobalSection(SolutionProperties) = preSolution
		HideSolutionNode = FALSE
	EndGlobalSection
	GlobalSection(NestedProjects) = preSolution
		{0F3D9CE0-A927-4750-9CA1-4DE3AA5103DC} = {5B4B0A69-65EF-4D4C-9CD4-5AC56228095B}
	EndGlobalSection
EndGlobal
